
Microsoft Visual Studio Solution File, Format Version 12.00
# Visual Studio Version 17
VisualStudioVersion = 17.5.002.0
MinimumVisualStudioVersion = 10.0.40219.1
Project("{9A19103F-16F7-4668-BE54-9A1E7A4F7556}") = "Gercek_Hayatta_Interface", "Gercek_Hayatta_Interface.csproj", "{1B81737D-7A7B-4933-88A5-F678EF7D8541}"
EndProject
Global
	GlobalSection(SolutionConfigurationPlatforms) = preSolution
		Debug|Any CPU = Debug|Any CPU
		Release|Any CPU = Release|Any CPU
	EndGlobalSection
	GlobalSection(ProjectConfigurationPlatforms) = postSolution
		{1B81737D-7A7B-4933-88A5-F678EF7D8541}.Debug|Any CPU.ActiveCfg = Debug|Any CPU
		{1B81737D-7A7B-4933-88A5-F678EF7D8541}.Debug|Any CPU.Build.0 = Debug|Any CPU
		{1B81737D-7A7B-4933-88A5-F678EF7D8541}.Release|Any CPU.ActiveCfg = Release|Any CPU
		{1B81737D-7A7B-4933-88A5-F678EF7D8541}.Release|Any CPU.Build.0 = Release|Any CPU
	EndGlobalSection
	GlobalSection(SolutionProperties) = preSolution
		HideSolutionNode = FALSE
	EndGlobalSection
	GlobalSection(ExtensibilityGlobals) = postSolution
		SolutionGuid = {A00F0BF6-6C26-4CFF-85DB-0011976EFFE3}
	EndGlobalSection
EndGlobal
