
Microsoft Visual Studio Solution File, Format Version 12.00
# Visual Studio Version 17
VisualStudioVersion = 17.5.002.0
MinimumVisualStudioVersion = 10.0.40219.1
Project("{9A19103F-16F7-4668-BE54-9A1E7A4F7556}") = "15_inheritence", "15_inheritence.csproj", "{6F2076DA-1C58-4342-906F-ECE818FC811C}"
EndProject
Global
	GlobalSection(SolutionConfigurationPlatforms) = preSolution
		Debug|Any CPU = Debug|Any CPU
		Release|Any CPU = Release|Any CPU
	EndGlobalSection
	GlobalSection(ProjectConfigurationPlatforms) = postSolution
		{6F2076DA-1C58-4342-906F-ECE818FC811C}.Debug|Any CPU.ActiveCfg = Debug|Any CPU
		{6F2076DA-1C58-4342-906F-ECE818FC811C}.Debug|Any CPU.Build.0 = Debug|Any CPU
		{6F2076DA-1C58-4342-906F-ECE818FC811C}.Release|Any CPU.ActiveCfg = Release|Any CPU
		{6F2076DA-1C58-4342-906F-ECE818FC811C}.Release|Any CPU.Build.0 = Release|Any CPU
	EndGlobalSection
	GlobalSection(SolutionProperties) = preSolution
		HideSolutionNode = FALSE
	EndGlobalSection
	GlobalSection(ExtensibilityGlobals) = postSolution
		SolutionGuid = {0E1EBD1A-8D1D-44E4-942B-DDA5A4C45657}
	EndGlobalSection
EndGlobal
